
Microsoft Visual Studio Solution File, Format Version 12.00
# Visual Studio Version 16
VisualStudioVersion = 16.0.28922.388
MinimumVisualStudioVersion = 10.0.40219.1
Project("{FAE04EC0-301F-11D3-BF4B-00C04F79EFBC}") = "MultilayerCore", "MultilayerCore\MultilayerCore.csproj", "{8DFCDBD4-C4F1-4B7D-AAC9-4B5953528AB5}"
EndProject
Project("{FAE04EC0-301F-11D3-BF4B-00C04F79EFBC}") = "UnitTestProject1", "UnitTestProject1\UnitTestProject1.csproj", "{7DD30B05-D663-4400-B3C9-218935254B2A}"
EndProject
Global
	GlobalSection(SolutionConfigurationPlatforms) = preSolution
		Debug|Any CPU = Debug|Any CPU
		Release|Any CPU = Release|Any CPU
	EndGlobalSection
	GlobalSection(ProjectConfigurationPlatforms) = postSolution
		{8DFCDBD4-C4F1-4B7D-AAC9-4B5953528AB5}.Debug|Any CPU.ActiveCfg = Debug|Any CPU
		{8DFCDBD4-C4F1-4B7D-AAC9-4B5953528AB5}.Debug|Any CPU.Build.0 = Debug|Any CPU
		{8DFCDBD4-C4F1-4B7D-AAC9-4B5953528AB5}.Release|Any CPU.ActiveCfg = Release|Any CPU
		{8DFCDBD4-C4F1-4B7D-AAC9-4B5953528AB5}.Release|Any CPU.Build.0 = Release|Any CPU
		{7DD30B05-D663-4400-B3C9-218935254B2A}.Debug|Any CPU.ActiveCfg = Debug|Any CPU
		{7DD30B05-D663-4400-B3C9-218935254B2A}.Debug|Any CPU.Build.0 = Debug|Any CPU
		{7DD30B05-D663-4400-B3C9-218935254B2A}.Release|Any CPU.ActiveCfg = Release|Any CPU
		{7DD30B05-D663-4400-B3C9-218935254B2A}.Release|Any CPU.Build.0 = Release|Any CPU
	EndGlobalSection
	GlobalSection(SolutionProperties) = preSolution
		HideSolutionNode = FALSE
	EndGlobalSection
	GlobalSection(ExtensibilityGlobals) = postSolution
		SolutionGuid = {C2857203-69B3-40C8-97F7-264B05D5E1C1}
	EndGlobalSection
EndGlobal
